Microsoft Visual Studio Solution File, Format Version 11.00
# Visual Studio 2010
Project("{FAE04EC0-301F-11D3-BF4B-00C04F79EFBC}") = "ChangeEditMask.Module", "ChangeEditMask.Module\ChangeEditMask.Module.csproj", "{CDF8CAF5-36BF-4A85-B032-4222CB17168B}"
EndProject
Project("{FAE04EC0-301F-11D3-BF4B-00C04F79EFBC}") = "ChangeEditMask.Module.Web", "ChangeEditMask.Module.Web\ChangeEditMask.Module.Web.csproj", "{A382943E-A951-455B-805D-B921A44EAFFB}"
EndProject
Project("{FAE04EC0-301F-11D3-BF4B-00C04F79EFBC}") = "ChangeEditMask.Web", "ChangeEditMask.Web\ChangeEditMask.Web.csproj", "{4183ECF0-277A-47EA-AFDC-2415BA049102}"
EndProject
Project("{FAE04EC0-301F-11D3-BF4B-00C04F79EFBC}") = "ChangeEditMask.Module.Win", "ChangeEditMask.Module.Win\ChangeEditMask.Module.Win.csproj", "{D30CCF1C-F191-45F2-9C9E-749621C38C76}"
EndProject
Project("{FAE04EC0-301F-11D3-BF4B-00C04F79EFBC}") = "ChangeEditMask.Win", "ChangeEditMask.Win\ChangeEditMask.Win.csproj", "{4F8164ED-2B37-4C08-AD87-845EECB224A6}"
EndProject
Global
	GlobalSection(SolutionConfigurationPlatforms) = preSolution
		Debug|Any CPU = Debug|Any CPU
		EasyTest|Any CPU = EasyTest|Any CPU
		Release|Any CPU = Release|Any CPU
	EndGlobalSection
	GlobalSection(ProjectConfigurationPlatforms) = postSolution
		{CDF8CAF5-36BF-4A85-B032-4222CB17168B}.Debug|Any CPU.ActiveCfg = Debug|Any CPU
		{CDF8CAF5-36BF-4A85-B032-4222CB17168B}.Debug|Any CPU.Build.0 = Debug|Any CPU
		{CDF8CAF5-36BF-4A85-B032-4222CB17168B}.EasyTest|Any CPU.ActiveCfg = EasyTest|Any CPU
		{CDF8CAF5-36BF-4A85-B032-4222CB17168B}.EasyTest|Any CPU.Build.0 = EasyTest|Any CPU
		{CDF8CAF5-36BF-4A85-B032-4222CB17168B}.Release|Any CPU.ActiveCfg = Release|Any CPU
		{CDF8CAF5-36BF-4A85-B032-4222CB17168B}.Release|Any CPU.Build.0 = Release|Any CPU
		{A382943E-A951-455B-805D-B921A44EAFFB}.Debug|Any CPU.ActiveCfg = Debug|Any CPU
		{A382943E-A951-455B-805D-B921A44EAFFB}.Debug|Any CPU.Build.0 = Debug|Any CPU
		{A382943E-A951-455B-805D-B921A44EAFFB}.EasyTest|Any CPU.ActiveCfg = EasyTest|Any CPU
		{A382943E-A951-455B-805D-B921A44EAFFB}.EasyTest|Any CPU.Build.0 = EasyTest|Any CPU
		{A382943E-A951-455B-805D-B921A44EAFFB}.Release|Any CPU.ActiveCfg = Release|Any CPU
		{A382943E-A951-455B-805D-B921A44EAFFB}.Release|Any CPU.Build.0 = Release|Any CPU
		{4183ECF0-277A-47EA-AFDC-2415BA049102}.Debug|Any CPU.ActiveCfg = Debug|Any CPU
		{4183ECF0-277A-47EA-AFDC-2415BA049102}.Debug|Any CPU.Build.0 = Debug|Any CPU
		{4183ECF0-277A-47EA-AFDC-2415BA049102}.EasyTest|Any CPU.ActiveCfg = EasyTest|Any CPU
		{4183ECF0-277A-47EA-AFDC-2415BA049102}.EasyTest|Any CPU.Build.0 = EasyTest|Any CPU
		{4183ECF0-277A-47EA-AFDC-2415BA049102}.Release|Any CPU.ActiveCfg = Release|Any CPU
		{4183ECF0-277A-47EA-AFDC-2415BA049102}.Release|Any CPU.Build.0 = Release|Any CPU
		{D30CCF1C-F191-45F2-9C9E-749621C38C76}.Debug|Any CPU.ActiveCfg = Debug|Any CPU
		{D30CCF1C-F191-45F2-9C9E-749621C38C76}.Debug|Any CPU.Build.0 = Debug|Any CPU
		{D30CCF1C-F191-45F2-9C9E-749621C38C76}.EasyTest|Any CPU.ActiveCfg = EasyTest|Any CPU
		{D30CCF1C-F191-45F2-9C9E-749621C38C76}.EasyTest|Any CPU.Build.0 = EasyTest|Any CPU
		{D30CCF1C-F191-45F2-9C9E-749621C38C76}.Release|Any CPU.ActiveCfg = Release|Any CPU
		{D30CCF1C-F191-45F2-9C9E-749621C38C76}.Release|Any CPU.Build.0 = Release|Any CPU
		{4F8164ED-2B37-4C08-AD87-845EECB224A6}.Debug|Any CPU.ActiveCfg = Debug|Any CPU
		{4F8164ED-2B37-4C08-AD87-845EECB224A6}.Debug|Any CPU.Build.0 = Debug|Any CPU
		{4F8164ED-2B37-4C08-AD87-845EECB224A6}.EasyTest|Any CPU.ActiveCfg = EasyTest|Any CPU
		{4F8164ED-2B37-4C08-AD87-845EECB224A6}.EasyTest|Any CPU.Build.0 = EasyTest|Any CPU
		{4F8164ED-2B37-4C08-AD87-845EECB224A6}.Release|Any CPU.ActiveCfg = Release|Any CPU
		{4F8164ED-2B37-4C08-AD87-845EECB224A6}.Release|Any CPU.Build.0 = Release|Any CPU
	EndGlobalSection
	GlobalSection(SolutionProperties) = preSolution
		HideSolutionNode = FALSE
	EndGlobalSection
EndGlobal
